<?xml version="1.0" encoding="utf-8"?>
<Project ToolsVersion="4.0" xmlns="http://schemas.microsoft.com/developer/msbuild/2003">
  <ItemGroup>
    <Filter Include="include">
      <UniqueIdentifier>{0FEB36D4-DED9-B510-4A82-8CE6435F7E81}</UniqueIdentifier>
    </Filter>
    <Filter Include="include\cairo">
      <UniqueIdentifier>{A5100B4C-3D57-6517-2ACA-5113B51025F3}</UniqueIdentifier>
    </Filter>
    <Filter Include="source">
      <UniqueIdentifier>{F438CD36-9A9B-08FA-222C-0DC9EBFE35EB}</UniqueIdentifier>
    </Filter>
  </ItemGroup>
  <ItemGroup>
    <ClInclude Include="include\cairo-version.h">
      <Filter>include</Filter>
    </ClInclude>
    <ClInclude Include="include\cairo\cairo.h">
      <Filter>include\cairo</Filter>
    </ClInclude>
    <ClInclude Include="include\cairo\cairo-deprecated.h">
      <Filter>include\cairo</Filter>
    </ClInclude>
    <ClInclude Include="include\cairo\cairo-features.h">
      <Filter>include\cairo</Filter>
    </ClInclude>
    <ClInclude Include="include\cairo\cairo-malloc.h">
      <Filter>include\cairo</Filter>
    </ClInclude>
    <ClInclude Include="include\cairo\cairo-version.h">
      <Filter>include\cairo</Filter>
    </ClInclude>
    <ClInclude Include="source\cairo-analysis-surface-private.h">
      <Filter>source</Filter>
    </ClInclude>
    <ClInclude Include="source\cairo-arc-private.h">
      <Filter>source</Filter>
    </ClInclude>
    <ClInclude Include="source\cairo-atomic-private.h">
      <Filter>source</Filter>
    </ClInclude>
    <ClInclude Include="source\cairo-cache-private.h">
      <Filter>source</Filter>
    </ClInclude>
    <ClInclude Include="source\cairo-clip-private.h">
      <Filter>source</Filter>
    </ClInclude>
    <ClInclude Include="source\cairo-compiler-private.h">
      <Filter>source</Filter>
    </ClInclude>
    <ClInclude Include="source\cairo-fixed-private.h">
      <Filter>source</Filter>
    </ClInclude>
    <ClInclude Include="source\cairo-fixed-type-private.h">
      <Filter>source</Filter>
    </ClInclude>
    <ClInclude Include="source\cairo-freelist-private.h">
      <Filter>source</Filter>
    </ClInclude>
    <ClInclude Include="source\cairo-gstate-private.h">
      <Filter>source</Filter>
    </ClInclude>
    <ClInclude Include="source\cairo-hash-private.h">
      <Filter>source</Filter>
    </ClInclude>
    <ClInclude Include="source\cairoint.h">
      <Filter>source</Filter>
    </ClInclude>
    <ClInclude Include="source\cairo-malloc-private.h">
      <Filter>source</Filter>
    </ClInclude>
    <ClInclude Include="source\cairo-meta-surface-private.h">
      <Filter>source</Filter>
    </ClInclude>
    <ClInclude Include="source\cairo-mutex-impl-private.h">
      <Filter>source</Filter>
    </ClInclude>
    <ClInclude Include="source\cairo-mutex-list-private.h">
      <Filter>source</Filter>
    </ClInclude>
    <ClInclude Include="source\cairo-mutex-private.h">
      <Filter>source</Filter>
    </ClInclude>
    <ClInclude Include="source\cairo-mutex-type-private.h">
      <Filter>source</Filter>
    </ClInclude>
    <ClInclude Include="source\cairo-output-stream-private.h">
      <Filter>source</Filter>
    </ClInclude>
    <ClInclude Include="source\cairo-paginated-private.h">
      <Filter>source</Filter>
    </ClInclude>
    <ClInclude Include="source\cairo-paginated-surface-private.h">
      <Filter>source</Filter>
    </ClInclude>
    <ClInclude Include="source\cairo-path-fixed-private.h">
      <Filter>source</Filter>
    </ClInclude>
    <ClInclude Include="source\cairo-path-private.h">
      <Filter>source</Filter>
    </ClInclude>
    <ClInclude Include="source\cairo-private.h">
      <Filter>source</Filter>
    </ClInclude>
    <ClInclude Include="source\cairo-reference-count-private.h">
      <Filter>source</Filter>
    </ClInclude>
    <ClInclude Include="source\cairo-region-private.h">
      <Filter>source</Filter>
    </ClInclude>
    <ClInclude Include="source\cairo-scaled-font-private.h">
      <Filter>source</Filter>
    </ClInclude>
    <ClInclude Include="source\cairo-skiplist-private.h">
      <Filter>source</Filter>
    </ClInclude>
    <ClInclude Include="source\cairo-surface-fallback-private.h">
      <Filter>source</Filter>
    </ClInclude>
    <ClInclude Include="source\cairo-surface-private.h">
      <Filter>source</Filter>
    </ClInclude>
    <ClInclude Include="source\cairo-types-private.h">
      <Filter>source</Filter>
    </ClInclude>
    <ClInclude Include="source\cairo-user-font-private.h">
      <Filter>source</Filter>
    </ClInclude>
    <ClInclude Include="source\cairo-wideint-private.h">
      <Filter>source</Filter>
    </ClInclude>
    <ClInclude Include="source\cairo-wideint-type-private.h">
      <Filter>source</Filter>
    </ClInclude>
  </ItemGroup>
  <ItemGroup>
    <ClCompile Include="source\cairo.c">
      <Filter>source</Filter>
    </ClCompile>
    <ClCompile Include="source\cairo-analysis-surface.c">
      <Filter>source</Filter>
    </ClCompile>
    <ClCompile Include="source\cairo-arc.c">
      <Filter>source</Filter>
    </ClCompile>
    <ClCompile Include="source\cairo-array.c">
      <Filter>source</Filter>
    </ClCompile>
    <ClCompile Include="source\cairo-atomic.c">
      <Filter>source</Filter>
    </ClCompile>
    <ClCompile Include="source\cairo-base85-stream.c">
      <Filter>source</Filter>
    </ClCompile>
    <ClCompile Include="source\cairo-bentley-ottmann.c">
      <Filter>source</Filter>
    </ClCompile>
    <ClCompile Include="source\cairo-cache.c">
      <Filter>source</Filter>
    </ClCompile>
    <ClCompile Include="source\cairo-clip.c">
      <Filter>source</Filter>
    </ClCompile>
    <ClCompile Include="source\cairo-color.c">
      <Filter>source</Filter>
    </ClCompile>
    <ClCompile Include="source\cairo-debug.c">
      <Filter>source</Filter>
    </ClCompile>
    <ClCompile Include="source\cairo-fixed.c">
      <Filter>source</Filter>
    </ClCompile>
    <ClCompile Include="source\cairo-font-face.c">
      <Filter>source</Filter>
    </ClCompile>
    <ClCompile Include="source\cairo-font-face-twin.c">
      <Filter>source</Filter>
    </ClCompile>
    <ClCompile Include="source\cairo-font-face-twin-data.c">
      <Filter>source</Filter>
    </ClCompile>
    <ClCompile Include="source\cairo-font-options.c">
      <Filter>source</Filter>
    </ClCompile>
    <ClCompile Include="source\cairo-freelist.c">
      <Filter>source</Filter>
    </ClCompile>
    <ClCompile Include="source\cairo-gstate.c">
      <Filter>source</Filter>
    </ClCompile>
    <ClCompile Include="source\cairo-hash.c">
      <Filter>source</Filter>
    </ClCompile>
    <ClCompile Include="source\cairo-hull.c">
      <Filter>source</Filter>
    </ClCompile>
    <ClCompile Include="source\cairo-image-surface.c">
      <Filter>source</Filter>
    </ClCompile>
    <ClCompile Include="source\cairo-lzw.c">
      <Filter>source</Filter>
    </ClCompile>
    <ClCompile Include="source\cairo-matrix.c">
      <Filter>source</Filter>
    </ClCompile>
    <ClCompile Include="source\cairo-meta-surface.c">
      <Filter>source</Filter>
    </ClCompile>
    <ClCompile Include="source\cairo-misc.c">
      <Filter>source</Filter>
    </ClCompile>
    <ClCompile Include="source\cairo-mutex.c">
      <Filter>source</Filter>
    </ClCompile>
    <ClCompile Include="source\cairo-output-stream.c">
      <Filter>source</Filter>
    </ClCompile>
    <ClCompile Include="source\cairo-paginated-surface.c">
      <Filter>source</Filter>
    </ClCompile>
    <ClCompile Include="source\cairo-path.c">
      <Filter>source</Filter>
    </ClCompile>
    <ClCompile Include="source\cairo-path-bounds.c">
      <Filter>source</Filter>
    </ClCompile>
    <ClCompile Include="source\cairo-path-fill.c">
      <Filter>source</Filter>
    </ClCompile>
    <ClCompile Include="source\cairo-path-fixed.c">
      <Filter>source</Filter>
    </ClCompile>
    <ClCompile Include="source\cairo-path-stroke.c">
      <Filter>source</Filter>
    </ClCompile>
    <ClCompile Include="source\cairo-pattern.c">
      <Filter>source</Filter>
    </ClCompile>
    <ClCompile Include="source\cairo-pen.c">
      <Filter>source</Filter>
    </ClCompile>
    <ClCompile Include="source\cairo-png.c">
      <Filter>source</Filter>
    </ClCompile>
    <ClCompile Include="source\cairo-polygon.c">
      <Filter>source</Filter>
    </ClCompile>
    <ClCompile Include="source\cairo-rectangle.c">
      <Filter>source</Filter>
    </ClCompile>
    <ClCompile Include="source\cairo-region.c">
      <Filter>source</Filter>
    </ClCompile>
    <ClCompile Include="source\cairo-scaled-font.c">
      <Filter>source</Filter>
    </ClCompile>
    <ClCompile Include="source\cairo-skiplist.c">
      <Filter>source</Filter>
    </ClCompile>
    <ClCompile Include="source\cairo-slope.c">
      <Filter>source</Filter>
    </ClCompile>
    <ClCompile Include="source\cairo-spline.c">
      <Filter>source</Filter>
    </ClCompile>
    <ClCompile Include="source\cairo-stroke-style.c">
      <Filter>source</Filter>
    </ClCompile>
    <ClCompile Include="source\cairo-surface.c">
      <Filter>source</Filter>
    </ClCompile>
    <ClCompile Include="source\cairo-surface-fallback.c">
      <Filter>source</Filter>
    </ClCompile>
    <ClCompile Include="source\cairo-system.c">
      <Filter>source</Filter>
    </ClCompile>
    <ClCompile Include="source\cairo-traps.c">
      <Filter>source</Filter>
    </ClCompile>
    <ClCompile Include="source\cairo-unicode.c">
      <Filter>source</Filter>
    </ClCompile>
    <ClCompile Include="source\cairo-user-font.c">
      <Filter>source</Filter>
    </ClCompile>
    <ClCompile Include="source\cairo-version.c">
      <Filter>source</Filter>
    </ClCompile>
    <ClCompile Include="source\cairo-wideint.c">
      <Filter>source</Filter>
    </ClCompile>
  </ItemGroup>
</Project>